{
    "name": "test",
    "lockfileVersion": 2,
    "requires": true,
    "packages": {
        "": {
            "dependencies": {
                "fountain-pen": "^4.2.11",
                "pareto-filesystem": "^0.5.1",
                "pareto-runtime": "^0.19.1",
                "pareto-test": "^0.10.1"
            }
        },
        "node_modules/diff": {
            "version": "5.0.0",
            "resolved": "https://registry.npmjs.org/diff/-/diff-5.0.0.tgz",
            "integrity": "sha512-/VTCrvm5Z0JGty/BWHljh+BAiw3IK+2j87NGMu8Nwc/f48WoDAC395uomO9ZD117ZOBaHmkX1oyLvkVM/aIT3w==",
            "engines": {
                "node": ">=0.3.1"
            }
        },
        "node_modules/fountain-pen": {
            "version": "4.2.11",
            "resolved": "https://registry.npmjs.org/fountain-pen/-/fountain-pen-4.2.11.tgz",
            "integrity": "sha512-ymVGiOF/etr5k0UTbdPSh86pvDK5KSXipdgWhWiZ3zelegwZm95AX5TR3JHLHCg2adiI3Mmv+41cNpUht43Ekw==",
            "dependencies": {
                "pareto-runtime": "^0.19.1"
            }
        },
        "node_modules/pareto-filesystem": {
            "version": "0.5.1",
            "resolved": "https://registry.npmjs.org/pareto-filesystem/-/pareto-filesystem-0.5.1.tgz",
            "integrity": "sha512-ZmmewVU0z4YOYJjVco9pa91X74R0NwYVUVcp1w8WvTL1RR27E5tjUCU2NNudFMpn41JV0wBfqF+jfno/z2+RCw==",
            "dependencies": {
                "pareto-runtime": "^0.19.1"
            }
        },
        "node_modules/pareto-runtime": {
            "version": "0.19.1",
            "resolved": "https://registry.npmjs.org/pareto-runtime/-/pareto-runtime-0.19.1.tgz",
            "integrity": "sha512-8uBuwCr/2sJrSef39s1NVOuX5NQen66YSlxgE8mL801a+rXIJxt/8e+PyWyxUHgTcAPTeIUcjTBufS/5fV4hoQ=="
        },
        "node_modules/pareto-test": {
            "version": "0.10.1",
            "resolved": "https://registry.npmjs.org/pareto-test/-/pareto-test-0.10.1.tgz",
            "integrity": "sha512-FyVI8lorEQdPeZ1f9tui7j1iJSUMBmYJaZNKu7/055AbuSlRll+F+ky3JG72rJnSr9QnJ2roWDDVHS0GG1Xf9w==",
            "dependencies": {
                "diff": "^5.0.0",
                "pareto-runtime": "^0.19.1"
            }
        }
    },
    "dependencies": {
        "diff": {
            "version": "5.0.0",
            "resolved": "https://registry.npmjs.org/diff/-/diff-5.0.0.tgz",
            "integrity": "sha512-/VTCrvm5Z0JGty/BWHljh+BAiw3IK+2j87NGMu8Nwc/f48WoDAC395uomO9ZD117ZOBaHmkX1oyLvkVM/aIT3w=="
        },
        "fountain-pen": {
            "version": "4.2.11",
            "resolved": "https://registry.npmjs.org/fountain-pen/-/fountain-pen-4.2.11.tgz",
            "integrity": "sha512-ymVGiOF/etr5k0UTbdPSh86pvDK5KSXipdgWhWiZ3zelegwZm95AX5TR3JHLHCg2adiI3Mmv+41cNpUht43Ekw==",
            "requires": {
                "pareto-runtime": "^0.19.1"
            }
        },
        "pareto-filesystem": {
            "version": "0.5.1",
            "resolved": "https://registry.npmjs.org/pareto-filesystem/-/pareto-filesystem-0.5.1.tgz",
            "integrity": "sha512-ZmmewVU0z4YOYJjVco9pa91X74R0NwYVUVcp1w8WvTL1RR27E5tjUCU2NNudFMpn41JV0wBfqF+jfno/z2+RCw==",
            "requires": {
                "pareto-runtime": "^0.19.1"
            }
        },
        "pareto-runtime": {
            "version": "0.19.1",
            "resolved": "https://registry.npmjs.org/pareto-runtime/-/pareto-runtime-0.19.1.tgz",
            "integrity": "sha512-8uBuwCr/2sJrSef39s1NVOuX5NQen66YSlxgE8mL801a+rXIJxt/8e+PyWyxUHgTcAPTeIUcjTBufS/5fV4hoQ=="
        },
        "pareto-test": {
            "version": "0.10.1",
            "resolved": "https://registry.npmjs.org/pareto-test/-/pareto-test-0.10.1.tgz",
            "integrity": "sha512-FyVI8lorEQdPeZ1f9tui7j1iJSUMBmYJaZNKu7/055AbuSlRll+F+ky3JG72rJnSr9QnJ2roWDDVHS0GG1Xf9w==",
            "requires": {
                "diff": "^5.0.0",
                "pareto-runtime": "^0.19.1"
            }
        }
    }
}
