{
    "name": "test",
    "lockfileVersion": 2,
    "requires": true,
    "packages": {
        "": {
            "dependencies": {
                "fountain-pen": "^4.2.6",
                "pareto-runtime": "^0.16.4",
                "pareto-test": "^0.3.4"
            }
        },
        "node_modules/diff": {
            "version": "5.0.0",
            "resolved": "https://registry.npmjs.org/diff/-/diff-5.0.0.tgz",
            "integrity": "sha512-/VTCrvm5Z0JGty/BWHljh+BAiw3IK+2j87NGMu8Nwc/f48WoDAC395uomO9ZD117ZOBaHmkX1oyLvkVM/aIT3w==",
            "engines": {
                "node": ">=0.3.1"
            }
        },
        "node_modules/fountain-pen": {
            "version": "4.2.6",
            "resolved": "https://registry.npmjs.org/fountain-pen/-/fountain-pen-4.2.6.tgz",
            "integrity": "sha512-Mz24IFtc+F9w4ZXEPoT3rKNJLQQ6JI9Gd96dara94XCVHYO2OQlZCrpjKPG8IyMMncNQp6/IjfNzqr3TdeB9Ew==",
            "dependencies": {
                "pareto-runtime": "^0.16.1"
            }
        },
        "node_modules/pareto-runtime": {
            "version": "0.16.4",
            "resolved": "https://registry.npmjs.org/pareto-runtime/-/pareto-runtime-0.16.4.tgz",
            "integrity": "sha512-/bDrdpy9re9P679+mmZxFuwkTWaTxjAxCaTtTaBeWTNa/RHlCBVOJ/Sf8MH/7beC1Xw4dZEJcs8qkOQtoTSGbA=="
        },
        "node_modules/pareto-test": {
            "version": "0.3.4",
            "resolved": "https://registry.npmjs.org/pareto-test/-/pareto-test-0.3.4.tgz",
            "integrity": "sha512-Z6mjfC+Ea912YB6cVkUyPrXKTEMhFxkYLv+7MV6tnV3KoiEnehsw3IKzcT9yq0PssqPy/fcsuwjrYAEJueaNiA==",
            "dependencies": {
                "diff": "^5.0.0",
                "pareto-runtime": "^0.16.1"
            }
        }
    },
    "dependencies": {
        "diff": {
            "version": "5.0.0",
            "resolved": "https://registry.npmjs.org/diff/-/diff-5.0.0.tgz",
            "integrity": "sha512-/VTCrvm5Z0JGty/BWHljh+BAiw3IK+2j87NGMu8Nwc/f48WoDAC395uomO9ZD117ZOBaHmkX1oyLvkVM/aIT3w=="
        },
        "fountain-pen": {
            "version": "4.2.6",
            "resolved": "https://registry.npmjs.org/fountain-pen/-/fountain-pen-4.2.6.tgz",
            "integrity": "sha512-Mz24IFtc+F9w4ZXEPoT3rKNJLQQ6JI9Gd96dara94XCVHYO2OQlZCrpjKPG8IyMMncNQp6/IjfNzqr3TdeB9Ew==",
            "requires": {
                "pareto-runtime": "^0.16.1"
            }
        },
        "pareto-runtime": {
            "version": "0.16.4",
            "resolved": "https://registry.npmjs.org/pareto-runtime/-/pareto-runtime-0.16.4.tgz",
            "integrity": "sha512-/bDrdpy9re9P679+mmZxFuwkTWaTxjAxCaTtTaBeWTNa/RHlCBVOJ/Sf8MH/7beC1Xw4dZEJcs8qkOQtoTSGbA=="
        },
        "pareto-test": {
            "version": "0.3.4",
            "resolved": "https://registry.npmjs.org/pareto-test/-/pareto-test-0.3.4.tgz",
            "integrity": "sha512-Z6mjfC+Ea912YB6cVkUyPrXKTEMhFxkYLv+7MV6tnV3KoiEnehsw3IKzcT9yq0PssqPy/fcsuwjrYAEJueaNiA==",
            "requires": {
                "diff": "^5.0.0",
                "pareto-runtime": "^0.16.1"
            }
        }
    }
}
