{
  "name": "generate-typesafe-ast",
  "version": "0.0.9",
  "lockfileVersion": 2,
  "requires": true,
  "packages": {
    "": {
      "name": "generate-typesafe-ast",
      "version": "0.0.9",
      "dependencies": {
        "fountain-pen": "^4.0.1",
        "pareto-runtime": "^0.14.0"
      },
      "devDependencies": {
        "@types/node": "^17.0.5"
      }
    },
    "node_modules/@types/node": {
      "version": "17.0.5",
      "resolved": "https://registry.npmjs.org/@types/node/-/node-17.0.5.tgz",
      "integrity": "sha512-w3mrvNXLeDYV1GKTZorGJQivK6XLCoGwpnyJFbJVK/aTBQUxOCaa/GlFAAN3OTDFcb7h5tiFG+YXCO2By+riZw==",
      "dev": true
    },
    "node_modules/fountain-pen": {
      "version": "4.0.1",
      "resolved": "https://registry.npmjs.org/fountain-pen/-/fountain-pen-4.0.1.tgz",
      "integrity": "sha512-kC52TAG1qvL1j4PqoBydvy5+luQ44sfY+InAxc+12k66YHm0C9YvZg8eOSVjU9cd5A4YSXpTXPcJsOkrIHWSYQ==",
      "dependencies": {
        "pareto-runtime": "^0.13.1"
      }
    },
    "node_modules/fountain-pen/node_modules/pareto-runtime": {
      "version": "0.13.5",
      "resolved": "https://registry.npmjs.org/pareto-runtime/-/pareto-runtime-0.13.5.tgz",
      "integrity": "sha512-bcICL48yCQ25EEHhQyOUND7wjb7RVSXyok5IZTGbtH8d1s1sXFObpkT8a1LR4rWsrltIlVEymn9O0NuhDOgaFg==",
      "bin": {
        "copyPackage": "esc/bin/copyPackage.js"
      }
    },
    "node_modules/pareto-runtime": {
      "version": "0.14.0",
      "resolved": "https://registry.npmjs.org/pareto-runtime/-/pareto-runtime-0.14.0.tgz",
      "integrity": "sha512-egxiw6CznO5jU92NtJHH8EFanTQWncQs+W/TKXmhYty4VLUBu7DxRGBmS+EjXuFgTsthHpqRm1BYKKZOkbEmFg==",
      "bin": {
        "copyPackage": "esc/bin/copyPackage.js"
      }
    }
  },
  "dependencies": {
    "@types/node": {
      "version": "17.0.5",
      "resolved": "https://registry.npmjs.org/@types/node/-/node-17.0.5.tgz",
      "integrity": "sha512-w3mrvNXLeDYV1GKTZorGJQivK6XLCoGwpnyJFbJVK/aTBQUxOCaa/GlFAAN3OTDFcb7h5tiFG+YXCO2By+riZw==",
      "dev": true
    },
    "fountain-pen": {
      "version": "4.0.1",
      "resolved": "https://registry.npmjs.org/fountain-pen/-/fountain-pen-4.0.1.tgz",
      "integrity": "sha512-kC52TAG1qvL1j4PqoBydvy5+luQ44sfY+InAxc+12k66YHm0C9YvZg8eOSVjU9cd5A4YSXpTXPcJsOkrIHWSYQ==",
      "requires": {
        "pareto-runtime": "^0.13.1"
      },
      "dependencies": {
        "pareto-runtime": {
          "version": "0.13.5",
          "resolved": "https://registry.npmjs.org/pareto-runtime/-/pareto-runtime-0.13.5.tgz",
          "integrity": "sha512-bcICL48yCQ25EEHhQyOUND7wjb7RVSXyok5IZTGbtH8d1s1sXFObpkT8a1LR4rWsrltIlVEymn9O0NuhDOgaFg=="
        }
      }
    },
    "pareto-runtime": {
      "version": "0.14.0",
      "resolved": "https://registry.npmjs.org/pareto-runtime/-/pareto-runtime-0.14.0.tgz",
      "integrity": "sha512-egxiw6CznO5jU92NtJHH8EFanTQWncQs+W/TKXmhYty4VLUBu7DxRGBmS+EjXuFgTsthHpqRm1BYKKZOkbEmFg=="
    }
  }
}
