{
  "name": "generate-typesafe-ast",
  "version": "0.1.2",
  "lockfileVersion": 2,
  "requires": true,
  "packages": {
    "": {
      "name": "generate-typesafe-ast",
      "version": "0.1.2",
      "license": "ISC",
      "dependencies": {
        "fountain-pen": "^4.2.5",
        "pareto-runtime": "^0.16.1"
      }
    },
    "node_modules/fountain-pen": {
      "version": "4.2.5",
      "resolved": "https://registry.npmjs.org/fountain-pen/-/fountain-pen-4.2.5.tgz",
      "integrity": "sha512-ctVDMAp4LcWAxCEYY4WFEr+QTVseheNbr2JETrJ6+ddlZcVsKs+4zqlsGWYw0vRYy91OmGWSAt8XAn2X3u2WfQ==",
      "dependencies": {
        "pareto-runtime": "^0.16.0"
      }
    },
    "node_modules/pareto-runtime": {
      "version": "0.16.1",
      "resolved": "https://registry.npmjs.org/pareto-runtime/-/pareto-runtime-0.16.1.tgz",
      "integrity": "sha512-mSi7Ru65eggOjnBcEIf3H2+dIp7Tx+WyUJsb5r/cVExxtLEsQYgbg86uGnwtbVDJwAFT/S1nGRPiO0A/iHIj2w=="
    }
  },
  "dependencies": {
    "fountain-pen": {
      "version": "4.2.5",
      "resolved": "https://registry.npmjs.org/fountain-pen/-/fountain-pen-4.2.5.tgz",
      "integrity": "sha512-ctVDMAp4LcWAxCEYY4WFEr+QTVseheNbr2JETrJ6+ddlZcVsKs+4zqlsGWYw0vRYy91OmGWSAt8XAn2X3u2WfQ==",
      "requires": {
        "pareto-runtime": "^0.16.0"
      }
    },
    "pareto-runtime": {
      "version": "0.16.1",
      "resolved": "https://registry.npmjs.org/pareto-runtime/-/pareto-runtime-0.16.1.tgz",
      "integrity": "sha512-mSi7Ru65eggOjnBcEIf3H2+dIp7Tx+WyUJsb5r/cVExxtLEsQYgbg86uGnwtbVDJwAFT/S1nGRPiO0A/iHIj2w=="
    }
  }
}
