{
  "name": "generate-typesafe-ast",
  "version": "0.1.4",
  "lockfileVersion": 2,
  "requires": true,
  "packages": {
    "": {
      "name": "generate-typesafe-ast",
      "version": "0.1.4",
      "license": "ISC",
      "dependencies": {
        "fountain-pen": "^4.2.6",
        "pareto-runtime": "^0.16.3"
      }
    },
    "node_modules/fountain-pen": {
      "version": "4.2.6",
      "resolved": "https://registry.npmjs.org/fountain-pen/-/fountain-pen-4.2.6.tgz",
      "integrity": "sha512-Mz24IFtc+F9w4ZXEPoT3rKNJLQQ6JI9Gd96dara94XCVHYO2OQlZCrpjKPG8IyMMncNQp6/IjfNzqr3TdeB9Ew==",
      "dependencies": {
        "pareto-runtime": "^0.16.1"
      }
    },
    "node_modules/pareto-runtime": {
      "version": "0.16.3",
      "resolved": "https://registry.npmjs.org/pareto-runtime/-/pareto-runtime-0.16.3.tgz",
      "integrity": "sha512-Lnc/DETC6Vfzt560pkVOA+8kAy+4YLt2maJXzkyJfUQGrNsfGoqbJtDr0b9xunMpJX72dosSqbgx60wBnkIt0A=="
    }
  },
  "dependencies": {
    "fountain-pen": {
      "version": "4.2.6",
      "resolved": "https://registry.npmjs.org/fountain-pen/-/fountain-pen-4.2.6.tgz",
      "integrity": "sha512-Mz24IFtc+F9w4ZXEPoT3rKNJLQQ6JI9Gd96dara94XCVHYO2OQlZCrpjKPG8IyMMncNQp6/IjfNzqr3TdeB9Ew==",
      "requires": {
        "pareto-runtime": "^0.16.1"
      }
    },
    "pareto-runtime": {
      "version": "0.16.3",
      "resolved": "https://registry.npmjs.org/pareto-runtime/-/pareto-runtime-0.16.3.tgz",
      "integrity": "sha512-Lnc/DETC6Vfzt560pkVOA+8kAy+4YLt2maJXzkyJfUQGrNsfGoqbJtDr0b9xunMpJX72dosSqbgx60wBnkIt0A=="
    }
  }
}
